
Microsoft Visual Studio Solution File, Format Version 12.00
# Visual Studio Version 16
VisualStudioVersion = 16.0.30709.64
MinimumVisualStudioVersion = 10.0.40219.1
Project("{9A19103F-16F7-4668-BE54-9A1E7A4F7556}") = "MyApp", "MyApp.csproj", "{D149A0E8-3103-4BF8-BB46-36A315883CF9}"
EndProject
Project("{FAE04EC0-301F-11D3-BF4B-00C04F79EFBC}") = "Blazor.Polyfill.Server", "..\Blazor.Polyfill.Server\Blazor.Polyfill.Server\Blazor.Polyfill.Server.csproj", "{42BF776D-0B02-49D7-BE3D-CDA7F0ADB76E}"
EndProject
Global
	GlobalSection(SolutionConfigurationPlatforms) = preSolution
		Debug|Any CPU = Debug|Any CPU
		Release|Any CPU = Release|Any CPU
	EndGlobalSection
	GlobalSection(ProjectConfigurationPlatforms) = postSolution
		{D149A0E8-3103-4BF8-BB46-36A315883CF9}.Debug|Any CPU.ActiveCfg = Debug|Any CPU
		{D149A0E8-3103-4BF8-BB46-36A315883CF9}.Debug|Any CPU.Build.0 = Debug|Any CPU
		{D149A0E8-3103-4BF8-BB46-36A315883CF9}.Release|Any CPU.ActiveCfg = Release|Any CPU
		{D149A0E8-3103-4BF8-BB46-36A315883CF9}.Release|Any CPU.Build.0 = Release|Any CPU
		{42BF776D-0B02-49D7-BE3D-CDA7F0ADB76E}.Debug|Any CPU.ActiveCfg = Debug|Any CPU
		{42BF776D-0B02-49D7-BE3D-CDA7F0ADB76E}.Debug|Any CPU.Build.0 = Debug|Any CPU
		{42BF776D-0B02-49D7-BE3D-CDA7F0ADB76E}.Release|Any CPU.ActiveCfg = Release|Any CPU
		{42BF776D-0B02-49D7-BE3D-CDA7F0ADB76E}.Release|Any CPU.Build.0 = Release|Any CPU
	EndGlobalSection
	GlobalSection(SolutionProperties) = preSolution
		HideSolutionNode = FALSE
	EndGlobalSection
	GlobalSection(ExtensibilityGlobals) = postSolution
		SolutionGuid = {6748CBA9-9803-4AFD-A85D-C7D4F12C970E}
	EndGlobalSection
EndGlobal
